Microsoft Visual Studio Solution File, Format Version 12.00
# Visual Studio Version 17
VisualStudioVersion = 17.5.2.0
MinimumVisualStudioVersion = 10.0.40219.1
Project("{FAE04EC0-301F-11D3-BF4B-00C04F79EFBC}") = "AudioSignalMonitor", "AudioSignalMonitor.csproj", "{CE9FB607-DC96-0EC1-D292-B77858F2DAA1}"
EndProject
Global
	GlobalSection(SolutionConfigurationPlatforms) = preSolution
		Debug|Any CPU = Debug|Any CPU
		Release|Any CPU = Release|Any CPU
	EndGlobalSection
	GlobalSection(ProjectConfigurationPlatforms) = postSolution
		{CE9FB607-DC96-0EC1-D292-B77858F2DAA1}.Debug|Any CPU.ActiveCfg = Debug|Any CPU
		{CE9FB607-DC96-0EC1-D292-B77858F2DAA1}.Debug|Any CPU.Build.0 = Debug|Any CPU
		{CE9FB607-DC96-0EC1-D292-B77858F2DAA1}.Release|Any CPU.ActiveCfg = Release|Any CPU
		{CE9FB607-DC96-0EC1-D292-B77858F2DAA1}.Release|Any CPU.Build.0 = Release|Any CPU
	EndGlobalSection
	GlobalSection(SolutionProperties) = preSolution
		HideSolutionNode = FALSE
	EndGlobalSection
	GlobalSection(ExtensibilityGlobals) = postSolution
		SolutionGuid = {122C4775-80E1-4B29-84C0-51D985D7A9CE}
	EndGlobalSection
EndGlobal
